
Microsoft Visual Studio Solution File, Format Version 10.00
# Visual Studio 2008
Project("{8BC9CEB8-8B4A-11D0-8D11-00A0C91BC942}") = "parser", "parser\parser.vcproj", "{C37DA84E-F258-44FC-A914-B19AE6C0FB2E}"
EndProject
Project("{8BC9CEB8-8B4A-11D0-8D11-00A0C91BC942}") = "core", "core\core.vcproj", "{612AC655-3448-425F-B7AE-CB12A41BC630}"
	ProjectSection(ProjectDependencies) = postProject
		{C37DA84E-F258-44FC-A914-B19AE6C0FB2E} = {C37DA84E-F258-44FC-A914-B19AE6C0FB2E}
		{5E34BE62-2104-42F3-9E59-CED1ED540932} = {5E34BE62-2104-42F3-9E59-CED1ED540932}
		{985BE36E-C416-4E28-8974-70BAAD004FA9} = {985BE36E-C416-4E28-8974-70BAAD004FA9}
		{26B21888-DF06-41CF-849C-4C936BBAB30E} = {26B21888-DF06-41CF-849C-4C936BBAB30E}
		{C9AA2BDD-7B96-44E3-ABC4-55B72072EEA5} = {C9AA2BDD-7B96-44E3-ABC4-55B72072EEA5}
	EndProjectSection
EndProject
Project("{8BC9CEB8-8B4A-11D0-8D11-00A0C91BC942}") = "symbolic_simulator", "symbolic_simulator\symbolic_simulator.vcproj", "{5E34BE62-2104-42F3-9E59-CED1ED540932}"
	ProjectSection(ProjectDependencies) = postProject
		{7AA041C5-8C78-402D-A7F0-855B469C0650} = {7AA041C5-8C78-402D-A7F0-855B469C0650}
		{C9AA2BDD-7B96-44E3-ABC4-55B72072EEA5} = {C9AA2BDD-7B96-44E3-ABC4-55B72072EEA5}
	EndProjectSection
EndProject
Project("{2150E333-8FDC-42A3-9474-1A3956D46DE8}") = "Solution Items", "Solution Items", "{FF9B5F1F-F0A5-4441-9D11-6E381AA1F61D}"
EndProject
Project("{8BC9CEB8-8B4A-11D0-8D11-00A0C91BC942}") = "unit_tests", "unit_tests\unit_tests.vcproj", "{FECB0762-D969-4C5F-AFA3-2BB522CA1CCC}"
	ProjectSection(ProjectDependencies) = postProject
		{89BDC93A-A25D-4A3F-B7EE-2F29F9CC74DA} = {89BDC93A-A25D-4A3F-B7EE-2F29F9CC74DA}
		{C37DA84E-F258-44FC-A914-B19AE6C0FB2E} = {C37DA84E-F258-44FC-A914-B19AE6C0FB2E}
		{5E34BE62-2104-42F3-9E59-CED1ED540932} = {5E34BE62-2104-42F3-9E59-CED1ED540932}
		{985BE36E-C416-4E28-8974-70BAAD004FA9} = {985BE36E-C416-4E28-8974-70BAAD004FA9}
		{26B21888-DF06-41CF-849C-4C936BBAB30E} = {26B21888-DF06-41CF-849C-4C936BBAB30E}
		{725E89B0-0DEE-4801-965B-4ACF8B366E42} = {725E89B0-0DEE-4801-965B-4ACF8B366E42}
		{C9AA2BDD-7B96-44E3-ABC4-55B72072EEA5} = {C9AA2BDD-7B96-44E3-ABC4-55B72072EEA5}
	EndProjectSection
EndProject
Project("{8BC9CEB8-8B4A-11D0-8D11-00A0C91BC942}") = "constraint_hierarchy", "constraint_hierarchy\constraint_hierarchy.vcproj", "{985BE36E-C416-4E28-8974-70BAAD004FA9}"
EndProject
Project("{8BC9CEB8-8B4A-11D0-8D11-00A0C91BC942}") = "simulator", "simulator\simulator.vcproj", "{C9AA2BDD-7B96-44E3-ABC4-55B72072EEA5}"
EndProject
Project("{8BC9CEB8-8B4A-11D0-8D11-00A0C91BC942}") = "branch_and_prune_simulator", "branch_and_prune_simulator\branch_and_prune_simulator.vcproj", "{26B21888-DF06-41CF-849C-4C936BBAB30E}"
	ProjectSection(ProjectDependencies) = postProject
		{89BDC93A-A25D-4A3F-B7EE-2F29F9CC74DA} = {89BDC93A-A25D-4A3F-B7EE-2F29F9CC74DA}
		{C9AA2BDD-7B96-44E3-ABC4-55B72072EEA5} = {C9AA2BDD-7B96-44E3-ABC4-55B72072EEA5}
	EndProjectSection
EndProject
Project("{8BC9CEB8-8B4A-11D0-8D11-00A0C91BC942}") = "math_source_converter", "math_source_converter\math_source_converter.vcproj", "{7AA041C5-8C78-402D-A7F0-855B469C0650}"
EndProject
Project("{8BC9CEB8-8B4A-11D0-8D11-00A0C91BC942}") = "librealpaverbasic", "librealpaverbasic\librealpaverbasic.vcproj", "{725E89B0-0DEE-4801-965B-4ACF8B366E42}"
EndProject
Project("{8BC9CEB8-8B4A-11D0-8D11-00A0C91BC942}") = "librealpaver", "librealpaver\librealpaver.vcproj", "{89BDC93A-A25D-4A3F-B7EE-2F29F9CC74DA}"
EndProject
Project("{8BC9CEB8-8B4A-11D0-8D11-00A0C91BC942}") = "realpaver_wrapper", "realpaver_wrapper\realpaver_wrapper.vcproj", "{76B337D3-611E-477D-8358-C94F9C76CCF0}"
	ProjectSection(ProjectDependencies) = postProject
		{89BDC93A-A25D-4A3F-B7EE-2F29F9CC74DA} = {89BDC93A-A25D-4A3F-B7EE-2F29F9CC74DA}
	EndProjectSection
EndProject
Global
	GlobalSection(SolutionConfigurationPlatforms) = preSolution
		Debug|Win32 = Debug|Win32
		Release|Win32 = Release|Win32
	EndGlobalSection
	GlobalSection(ProjectConfigurationPlatforms) = postSolution
		{C37DA84E-F258-44FC-A914-B19AE6C0FB2E}.Debug|Win32.ActiveCfg = Debug|Win32
		{C37DA84E-F258-44FC-A914-B19AE6C0FB2E}.Debug|Win32.Build.0 = Debug|Win32
		{C37DA84E-F258-44FC-A914-B19AE6C0FB2E}.Release|Win32.ActiveCfg = Release|Win32
		{C37DA84E-F258-44FC-A914-B19AE6C0FB2E}.Release|Win32.Build.0 = Release|Win32
		{612AC655-3448-425F-B7AE-CB12A41BC630}.Debug|Win32.ActiveCfg = Debug|Win32
		{612AC655-3448-425F-B7AE-CB12A41BC630}.Debug|Win32.Build.0 = Debug|Win32
		{612AC655-3448-425F-B7AE-CB12A41BC630}.Release|Win32.ActiveCfg = Release|Win32
		{612AC655-3448-425F-B7AE-CB12A41BC630}.Release|Win32.Build.0 = Release|Win32
		{5E34BE62-2104-42F3-9E59-CED1ED540932}.Debug|Win32.ActiveCfg = Debug|Win32
		{5E34BE62-2104-42F3-9E59-CED1ED540932}.Debug|Win32.Build.0 = Debug|Win32
		{5E34BE62-2104-42F3-9E59-CED1ED540932}.Release|Win32.ActiveCfg = Release|Win32
		{5E34BE62-2104-42F3-9E59-CED1ED540932}.Release|Win32.Build.0 = Release|Win32
		{FECB0762-D969-4C5F-AFA3-2BB522CA1CCC}.Debug|Win32.ActiveCfg = Debug|Win32
		{FECB0762-D969-4C5F-AFA3-2BB522CA1CCC}.Debug|Win32.Build.0 = Debug|Win32
		{FECB0762-D969-4C5F-AFA3-2BB522CA1CCC}.Release|Win32.ActiveCfg = Release|Win32
		{FECB0762-D969-4C5F-AFA3-2BB522CA1CCC}.Release|Win32.Build.0 = Release|Win32
		{985BE36E-C416-4E28-8974-70BAAD004FA9}.Debug|Win32.ActiveCfg = Debug|Win32
		{985BE36E-C416-4E28-8974-70BAAD004FA9}.Debug|Win32.Build.0 = Debug|Win32
		{985BE36E-C416-4E28-8974-70BAAD004FA9}.Release|Win32.ActiveCfg = Release|Win32
		{985BE36E-C416-4E28-8974-70BAAD004FA9}.Release|Win32.Build.0 = Release|Win32
		{C9AA2BDD-7B96-44E3-ABC4-55B72072EEA5}.Debug|Win32.ActiveCfg = Debug|Win32
		{C9AA2BDD-7B96-44E3-ABC4-55B72072EEA5}.Debug|Win32.Build.0 = Debug|Win32
		{C9AA2BDD-7B96-44E3-ABC4-55B72072EEA5}.Release|Win32.ActiveCfg = Release|Win32
		{C9AA2BDD-7B96-44E3-ABC4-55B72072EEA5}.Release|Win32.Build.0 = Release|Win32
		{26B21888-DF06-41CF-849C-4C936BBAB30E}.Debug|Win32.ActiveCfg = Debug|Win32
		{26B21888-DF06-41CF-849C-4C936BBAB30E}.Debug|Win32.Build.0 = Debug|Win32
		{26B21888-DF06-41CF-849C-4C936BBAB30E}.Release|Win32.ActiveCfg = Release|Win32
		{26B21888-DF06-41CF-849C-4C936BBAB30E}.Release|Win32.Build.0 = Release|Win32
		{7AA041C5-8C78-402D-A7F0-855B469C0650}.Debug|Win32.ActiveCfg = Debug|Win32
		{7AA041C5-8C78-402D-A7F0-855B469C0650}.Debug|Win32.Build.0 = Debug|Win32
		{7AA041C5-8C78-402D-A7F0-855B469C0650}.Release|Win32.ActiveCfg = Release|Win32
		{7AA041C5-8C78-402D-A7F0-855B469C0650}.Release|Win32.Build.0 = Release|Win32
		{725E89B0-0DEE-4801-965B-4ACF8B366E42}.Debug|Win32.ActiveCfg = Debug|Win32
		{725E89B0-0DEE-4801-965B-4ACF8B366E42}.Debug|Win32.Build.0 = Debug|Win32
		{725E89B0-0DEE-4801-965B-4ACF8B366E42}.Release|Win32.ActiveCfg = Release|Win32
		{725E89B0-0DEE-4801-965B-4ACF8B366E42}.Release|Win32.Build.0 = Release|Win32
		{89BDC93A-A25D-4A3F-B7EE-2F29F9CC74DA}.Debug|Win32.ActiveCfg = Debug|Win32
		{89BDC93A-A25D-4A3F-B7EE-2F29F9CC74DA}.Debug|Win32.Build.0 = Debug|Win32
		{89BDC93A-A25D-4A3F-B7EE-2F29F9CC74DA}.Release|Win32.ActiveCfg = Release|Win32
		{89BDC93A-A25D-4A3F-B7EE-2F29F9CC74DA}.Release|Win32.Build.0 = Release|Win32
		{76B337D3-611E-477D-8358-C94F9C76CCF0}.Debug|Win32.ActiveCfg = Debug|Win32
		{76B337D3-611E-477D-8358-C94F9C76CCF0}.Debug|Win32.Build.0 = Debug|Win32
		{76B337D3-611E-477D-8358-C94F9C76CCF0}.Release|Win32.ActiveCfg = Release|Win32
		{76B337D3-611E-477D-8358-C94F9C76CCF0}.Release|Win32.Build.0 = Release|Win32
	EndGlobalSection
	GlobalSection(SolutionProperties) = preSolution
		HideSolutionNode = FALSE
	EndGlobalSection
	GlobalSection(SubversionScc) = preSolution
		Svn-Managed = True
		Manager = AnkhSVN - Subversion Support for Visual Studio
	EndGlobalSection
EndGlobal
