
Microsoft Visual Studio Solution File, Format Version 10.00
# Visual C++ Express 2008
Project("{8BC9CEB8-8B4A-11D0-8D11-00A0C91BC942}") = "parser", "parser\parser.vcproj", "{C37DA84E-F258-44FC-A914-B19AE6C0FB2E}"
	ProjectSection(ProjectDependencies) = postProject
		{21D7CEA2-6255-428C-85E3-268EFF5FE36E} = {21D7CEA2-6255-428C-85E3-268EFF5FE36E}
	EndProjectSection
EndProject
Project("{8BC9CEB8-8B4A-11D0-8D11-00A0C91BC942}") = "core", "core\core.vcproj", "{612AC655-3448-425F-B7AE-CB12A41BC630}"
	ProjectSection(ProjectDependencies) = postProject
		{C37DA84E-F258-44FC-A914-B19AE6C0FB2E} = {C37DA84E-F258-44FC-A914-B19AE6C0FB2E}
		{5E34BE62-2104-42F3-9E59-CED1ED540932} = {5E34BE62-2104-42F3-9E59-CED1ED540932}
		{985BE36E-C416-4E28-8974-70BAAD004FA9} = {985BE36E-C416-4E28-8974-70BAAD004FA9}
		{21D7CEA2-6255-428C-85E3-268EFF5FE36E} = {21D7CEA2-6255-428C-85E3-268EFF5FE36E}
		{D7DD62AF-E79E-45DA-820D-D835A5069039} = {D7DD62AF-E79E-45DA-820D-D835A5069039}
		{C9AA2BDD-7B96-44E3-ABC4-55B72072EEA5} = {C9AA2BDD-7B96-44E3-ABC4-55B72072EEA5}
	EndProjectSection
EndProject
Project("{8BC9CEB8-8B4A-11D0-8D11-00A0C91BC942}") = "symbolic_simulator", "symbolic_simulator\symbolic_simulator.vcproj", "{5E34BE62-2104-42F3-9E59-CED1ED540932}"
	ProjectSection(ProjectDependencies) = postProject
		{2C310513-2A25-46EB-BE63-0FB67CFA9D7E} = {2C310513-2A25-46EB-BE63-0FB67CFA9D7E}
		{A70F486E-9DEF-4E92-8EB4-CD32F76D63E1} = {A70F486E-9DEF-4E92-8EB4-CD32F76D63E1}
		{7AA041C5-8C78-402D-A7F0-855B469C0650} = {7AA041C5-8C78-402D-A7F0-855B469C0650}
		{C9AA2BDD-7B96-44E3-ABC4-55B72072EEA5} = {C9AA2BDD-7B96-44E3-ABC4-55B72072EEA5}
	EndProjectSection
EndProject
Project("{8BC9CEB8-8B4A-11D0-8D11-00A0C91BC942}") = "unit_tests", "unit_tests\unit_tests.vcproj", "{FECB0762-D969-4C5F-AFA3-2BB522CA1CCC}"
	ProjectSection(ProjectDependencies) = postProject
		{2C310513-2A25-46EB-BE63-0FB67CFA9D7E} = {2C310513-2A25-46EB-BE63-0FB67CFA9D7E}
		{C37DA84E-F258-44FC-A914-B19AE6C0FB2E} = {C37DA84E-F258-44FC-A914-B19AE6C0FB2E}
		{5E34BE62-2104-42F3-9E59-CED1ED540932} = {5E34BE62-2104-42F3-9E59-CED1ED540932}
		{985BE36E-C416-4E28-8974-70BAAD004FA9} = {985BE36E-C416-4E28-8974-70BAAD004FA9}
		{21D7CEA2-6255-428C-85E3-268EFF5FE36E} = {21D7CEA2-6255-428C-85E3-268EFF5FE36E}
		{7AA041C5-8C78-402D-A7F0-855B469C0650} = {7AA041C5-8C78-402D-A7F0-855B469C0650}
		{C9AA2BDD-7B96-44E3-ABC4-55B72072EEA5} = {C9AA2BDD-7B96-44E3-ABC4-55B72072EEA5}
	EndProjectSection
EndProject
Project("{8BC9CEB8-8B4A-11D0-8D11-00A0C91BC942}") = "constraint_hierarchy", "constraint_hierarchy\constraint_hierarchy.vcproj", "{985BE36E-C416-4E28-8974-70BAAD004FA9}"
EndProject
Project("{8BC9CEB8-8B4A-11D0-8D11-00A0C91BC942}") = "simulator", "simulator\simulator.vcproj", "{C9AA2BDD-7B96-44E3-ABC4-55B72072EEA5}"
EndProject
Project("{8BC9CEB8-8B4A-11D0-8D11-00A0C91BC942}") = "math_source_converter", "math_source_converter\math_source_converter.vcproj", "{7AA041C5-8C78-402D-A7F0-855B469C0650}"
EndProject
Project("{8BC9CEB8-8B4A-11D0-8D11-00A0C91BC942}") = "common", "common\common.vcproj", "{21D7CEA2-6255-428C-85E3-268EFF5FE36E}"
EndProject
Project("{8BC9CEB8-8B4A-11D0-8D11-00A0C91BC942}") = "virtual_constraint_solver", "virtual_constraint_solver\virtual_constraint_solver.vcproj", "{2C310513-2A25-46EB-BE63-0FB67CFA9D7E}"
	ProjectSection(ProjectDependencies) = postProject
		{C37DA84E-F258-44FC-A914-B19AE6C0FB2E} = {C37DA84E-F258-44FC-A914-B19AE6C0FB2E}
		{A70F486E-9DEF-4E92-8EB4-CD32F76D63E1} = {A70F486E-9DEF-4E92-8EB4-CD32F76D63E1}
		{985BE36E-C416-4E28-8974-70BAAD004FA9} = {985BE36E-C416-4E28-8974-70BAAD004FA9}
		{21D7CEA2-6255-428C-85E3-268EFF5FE36E} = {21D7CEA2-6255-428C-85E3-268EFF5FE36E}
		{7AA041C5-8C78-402D-A7F0-855B469C0650} = {7AA041C5-8C78-402D-A7F0-855B469C0650}
		{C9AA2BDD-7B96-44E3-ABC4-55B72072EEA5} = {C9AA2BDD-7B96-44E3-ABC4-55B72072EEA5}
	EndProjectSection
EndProject
Project("{8BC9CEB8-8B4A-11D0-8D11-00A0C91BC942}") = "reduce_source_converter", "reduce_source_converter\reduce_source_converter.vcproj", "{A70F486E-9DEF-4E92-8EB4-CD32F76D63E1}"
EndProject
Project("{8BC9CEB8-8B4A-11D0-8D11-00A0C91BC942}") = "output", "output\output.vcproj", "{D7DD62AF-E79E-45DA-820D-D835A5069039}"
EndProject
Global
	GlobalSection(SolutionConfigurationPlatforms) = preSolution
		Debug|Win32 = Debug|Win32
		Release|Win32 = Release|Win32
	EndGlobalSection
	GlobalSection(ProjectConfigurationPlatforms) = postSolution
		{C37DA84E-F258-44FC-A914-B19AE6C0FB2E}.Debug|Win32.ActiveCfg = Debug|Win32
		{C37DA84E-F258-44FC-A914-B19AE6C0FB2E}.Debug|Win32.Build.0 = Debug|Win32
		{C37DA84E-F258-44FC-A914-B19AE6C0FB2E}.Release|Win32.ActiveCfg = Release|Win32
		{C37DA84E-F258-44FC-A914-B19AE6C0FB2E}.Release|Win32.Build.0 = Release|Win32
		{612AC655-3448-425F-B7AE-CB12A41BC630}.Debug|Win32.ActiveCfg = Debug|Win32
		{612AC655-3448-425F-B7AE-CB12A41BC630}.Debug|Win32.Build.0 = Debug|Win32
		{612AC655-3448-425F-B7AE-CB12A41BC630}.Release|Win32.ActiveCfg = Release|Win32
		{612AC655-3448-425F-B7AE-CB12A41BC630}.Release|Win32.Build.0 = Release|Win32
		{5E34BE62-2104-42F3-9E59-CED1ED540932}.Debug|Win32.ActiveCfg = Debug|Win32
		{5E34BE62-2104-42F3-9E59-CED1ED540932}.Debug|Win32.Build.0 = Debug|Win32
		{5E34BE62-2104-42F3-9E59-CED1ED540932}.Release|Win32.ActiveCfg = Release|Win32
		{5E34BE62-2104-42F3-9E59-CED1ED540932}.Release|Win32.Build.0 = Release|Win32
		{FECB0762-D969-4C5F-AFA3-2BB522CA1CCC}.Debug|Win32.ActiveCfg = Debug|Win32
		{FECB0762-D969-4C5F-AFA3-2BB522CA1CCC}.Debug|Win32.Build.0 = Debug|Win32
		{FECB0762-D969-4C5F-AFA3-2BB522CA1CCC}.Release|Win32.ActiveCfg = Release|Win32
		{985BE36E-C416-4E28-8974-70BAAD004FA9}.Debug|Win32.ActiveCfg = Debug|Win32
		{985BE36E-C416-4E28-8974-70BAAD004FA9}.Debug|Win32.Build.0 = Debug|Win32
		{985BE36E-C416-4E28-8974-70BAAD004FA9}.Release|Win32.ActiveCfg = Release|Win32
		{985BE36E-C416-4E28-8974-70BAAD004FA9}.Release|Win32.Build.0 = Release|Win32
		{C9AA2BDD-7B96-44E3-ABC4-55B72072EEA5}.Debug|Win32.ActiveCfg = Debug|Win32
		{C9AA2BDD-7B96-44E3-ABC4-55B72072EEA5}.Debug|Win32.Build.0 = Debug|Win32
		{C9AA2BDD-7B96-44E3-ABC4-55B72072EEA5}.Release|Win32.ActiveCfg = Release|Win32
		{C9AA2BDD-7B96-44E3-ABC4-55B72072EEA5}.Release|Win32.Build.0 = Release|Win32
		{7AA041C5-8C78-402D-A7F0-855B469C0650}.Debug|Win32.ActiveCfg = Debug|Win32
		{7AA041C5-8C78-402D-A7F0-855B469C0650}.Debug|Win32.Build.0 = Debug|Win32
		{7AA041C5-8C78-402D-A7F0-855B469C0650}.Release|Win32.ActiveCfg = Release|Win32
		{7AA041C5-8C78-402D-A7F0-855B469C0650}.Release|Win32.Build.0 = Release|Win32
		{21D7CEA2-6255-428C-85E3-268EFF5FE36E}.Debug|Win32.ActiveCfg = Debug|Win32
		{21D7CEA2-6255-428C-85E3-268EFF5FE36E}.Debug|Win32.Build.0 = Debug|Win32
		{21D7CEA2-6255-428C-85E3-268EFF5FE36E}.Release|Win32.ActiveCfg = Release|Win32
		{21D7CEA2-6255-428C-85E3-268EFF5FE36E}.Release|Win32.Build.0 = Release|Win32
		{2C310513-2A25-46EB-BE63-0FB67CFA9D7E}.Debug|Win32.ActiveCfg = Debug|Win32
		{2C310513-2A25-46EB-BE63-0FB67CFA9D7E}.Debug|Win32.Build.0 = Debug|Win32
		{2C310513-2A25-46EB-BE63-0FB67CFA9D7E}.Release|Win32.ActiveCfg = Release|Win32
		{2C310513-2A25-46EB-BE63-0FB67CFA9D7E}.Release|Win32.Build.0 = Release|Win32
		{A70F486E-9DEF-4E92-8EB4-CD32F76D63E1}.Debug|Win32.ActiveCfg = Debug|Win32
		{A70F486E-9DEF-4E92-8EB4-CD32F76D63E1}.Debug|Win32.Build.0 = Debug|Win32
		{A70F486E-9DEF-4E92-8EB4-CD32F76D63E1}.Release|Win32.ActiveCfg = Release|Win32
		{A70F486E-9DEF-4E92-8EB4-CD32F76D63E1}.Release|Win32.Build.0 = Release|Win32
		{D7DD62AF-E79E-45DA-820D-D835A5069039}.Debug|Win32.ActiveCfg = Debug|Win32
		{D7DD62AF-E79E-45DA-820D-D835A5069039}.Debug|Win32.Build.0 = Debug|Win32
		{D7DD62AF-E79E-45DA-820D-D835A5069039}.Release|Win32.ActiveCfg = Release|Win32
		{D7DD62AF-E79E-45DA-820D-D835A5069039}.Release|Win32.Build.0 = Release|Win32
	EndGlobalSection
	GlobalSection(SolutionProperties) = preSolution
		HideSolutionNode = FALSE
	EndGlobalSection
	GlobalSection(SubversionScc) = preSolution
		Svn-Managed = True
		Manager = AnkhSVN - Subversion Support for Visual Studio
	EndGlobalSection
EndGlobal
